
Microsoft Visual Studio Solution File, Format Version 12.00
# Visual Studio Version 17
VisualStudioVersion = 17.11.35327.3
MinimumVisualStudioVersion = 10.0.40219.1
Project("{9A19103F-16F7-4668-BE54-9A1E7A4F7556}") = "Stock", "Stock\Stock.csproj", "{836662E6-31BB-47DF-BFA5-BEADA8ECA8AA}"
EndProject
Project("{9A19103F-16F7-4668-BE54-9A1E7A4F7556}") = "ApplicationLayer", "ApplicationLayer\ApplicationLayer.csproj", "{910D58E6-A9B9-4028-953D-3735545BD5AD}"
EndProject
Project("{9A19103F-16F7-4668-BE54-9A1E7A4F7556}") = "DomainLayer", "DomainLayer\DomainLayer.csproj", "{00466628-70BC-418F-B97C-8260C6F21A36}"
EndProject
Project("{9A19103F-16F7-4668-BE54-9A1E7A4F7556}") = "InfrastructureLayer", "InfrastructureLayer\InfrastructureLayer.csproj", "{1B21359D-4A54-45DB-8AB0-B2B6BE1C8A81}"
EndProject
Project("{9092AA53-FB77-4645-B42D-1CCCA6BD08BD}") = "Stock2Front", "Stock2Front\Stock2Front.njsproj", "{77F89EB7-7F26-420D-B395-E2E197603875}"
EndProject
Global
	GlobalSection(SolutionConfigurationPlatforms) = preSolution
		Debug|Any CPU = Debug|Any CPU
		Release|Any CPU = Release|Any CPU
	EndGlobalSection
	GlobalSection(ProjectConfigurationPlatforms) = postSolution
		{836662E6-31BB-47DF-BFA5-BEADA8ECA8AA}.Debug|Any CPU.ActiveCfg = Debug|Any CPU
		{836662E6-31BB-47DF-BFA5-BEADA8ECA8AA}.Debug|Any CPU.Build.0 = Debug|Any CPU
		{836662E6-31BB-47DF-BFA5-BEADA8ECA8AA}.Release|Any CPU.ActiveCfg = Release|Any CPU
		{836662E6-31BB-47DF-BFA5-BEADA8ECA8AA}.Release|Any CPU.Build.0 = Release|Any CPU
		{910D58E6-A9B9-4028-953D-3735545BD5AD}.Debug|Any CPU.ActiveCfg = Debug|Any CPU
		{910D58E6-A9B9-4028-953D-3735545BD5AD}.Debug|Any CPU.Build.0 = Debug|Any CPU
		{910D58E6-A9B9-4028-953D-3735545BD5AD}.Release|Any CPU.ActiveCfg = Release|Any CPU
		{910D58E6-A9B9-4028-953D-3735545BD5AD}.Release|Any CPU.Build.0 = Release|Any CPU
		{00466628-70BC-418F-B97C-8260C6F21A36}.Debug|Any CPU.ActiveCfg = Debug|Any CPU
		{00466628-70BC-418F-B97C-8260C6F21A36}.Debug|Any CPU.Build.0 = Debug|Any CPU
		{00466628-70BC-418F-B97C-8260C6F21A36}.Release|Any CPU.ActiveCfg = Release|Any CPU
		{00466628-70BC-418F-B97C-8260C6F21A36}.Release|Any CPU.Build.0 = Release|Any CPU
		{1B21359D-4A54-45DB-8AB0-B2B6BE1C8A81}.Debug|Any CPU.ActiveCfg = Debug|Any CPU
		{1B21359D-4A54-45DB-8AB0-B2B6BE1C8A81}.Debug|Any CPU.Build.0 = Debug|Any CPU
		{1B21359D-4A54-45DB-8AB0-B2B6BE1C8A81}.Release|Any CPU.ActiveCfg = Release|Any CPU
		{1B21359D-4A54-45DB-8AB0-B2B6BE1C8A81}.Release|Any CPU.Build.0 = Release|Any CPU
		{77F89EB7-7F26-420D-B395-E2E197603875}.Debug|Any CPU.ActiveCfg = Debug|Any CPU
		{77F89EB7-7F26-420D-B395-E2E197603875}.Debug|Any CPU.Build.0 = Debug|Any CPU
		{77F89EB7-7F26-420D-B395-E2E197603875}.Release|Any CPU.ActiveCfg = Release|Any CPU
		{77F89EB7-7F26-420D-B395-E2E197603875}.Release|Any CPU.Build.0 = Release|Any CPU
	EndGlobalSection
	GlobalSection(SolutionProperties) = preSolution
		HideSolutionNode = FALSE
	EndGlobalSection
	GlobalSection(ExtensibilityGlobals) = postSolution
		SolutionGuid = {EEC7394D-55FE-44A9-9E1B-EAA14D61CE58}
	EndGlobalSection
EndGlobal
